# generated by rye
# use `rye lock` or `rye sync` to update this lockfile
#
# last locked with the following flags:
#   pre: false
#   features: []
#   all-features: false

--trusted-host pypi.ngc.nvidia.com
-e file:.
click==8.1.7
numpy==1.25.2
onnx==1.14.1
onnx-graphsurgeon==0.3.27
protobuf==4.24.2
typing-extensions==4.7.1
